{
  "name": "speech-lab",
  "version": "1.0.0",
  "lockfileVersion": 1,
  "requires": true,
  "dependencies": {
    "typescript": {
      "version": "3.4.0-dev.20190323",
      "resolved": "https://registry.npmjs.org/typescript/-/typescript-3.4.0-dev.20190323.tgz",
      "integrity": "sha512-fMhSnWPbHHDiXZ3+YoKgjFsp9YyETddNLeSjKE4CsnFFTTc5uA9GNipN1pDvnPmvimTCyLbOWNmuCy6uqGV8QQ==",
      "dev": true
    }
  }
}
